
Microsoft Visual Studio Solution File, Format Version 12.00
# Visual Studio Version 16
VisualStudioVersion = 16.0.30711.63
MinimumVisualStudioVersion = 10.0.40219.1
Project("{FAE04EC0-301F-11D3-BF4B-00C04F79EFBC}") = "WebApplication1", "WebApplication1.csproj", "{C6889746-9C10-4AC9-BECF-3D0409CAD7EB}"
EndProject
Global
	GlobalSection(SolutionConfigurationPlatforms) = preSolution
		Debug|Any CPU = Debug|Any CPU
		Release|Any CPU = Release|Any CPU
	EndGlobalSection
	GlobalSection(ProjectConfigurationPlatforms) = postSolution
		{C6889746-9C10-4AC9-BECF-3D0409CAD7EB}.Debug|Any CPU.ActiveCfg = Debug|Any CPU
		{C6889746-9C10-4AC9-BECF-3D0409CAD7EB}.Debug|Any CPU.Build.0 = Debug|Any CPU
		{C6889746-9C10-4AC9-BECF-3D0409CAD7EB}.Release|Any CPU.ActiveCfg = Release|Any CPU
		{C6889746-9C10-4AC9-BECF-3D0409CAD7EB}.Release|Any CPU.Build.0 = Release|Any CPU
	EndGlobalSection
	GlobalSection(SolutionProperties) = preSolution
		HideSolutionNode = FALSE
	EndGlobalSection
	GlobalSection(ExtensibilityGlobals) = postSolution
		SolutionGuid = {4EC75DBF-6325-4415-A250-F6F8F1488CA1}
	EndGlobalSection
EndGlobal
